// !$*UTF8*$!
{
	archiveVersion = 1;
	classes = {
	};
	objectVersion = 50;
	objects = {

/* Begin PBXBuildFile section */
		533AE17B22A1F163000791E1 /* AppDelegate.swift in Sources */ = {isa = PBXBuildFile; fileRef = 533AE17A22A1F163000791E1 /* AppDelegate.swift */; };
		533AE17D22A1F163000791E1 /* ViewController.swift in Sources */ = {isa = PBXBuildFile; fileRef = 533AE17C22A1F163000791E1 /* ViewController.swift */; };
		533AE17F22A1F164000791E1 /* Assets.xcassets in Resources */ = {isa = PBXBuildFile; fileRef = 533AE17E22A1F164000791E1 /* Assets.xcassets */; };
		533AE18222A1F164000791E1 /* Main.storyboard in Resources */ = {isa = PBXBuildFile; fileRef = 533AE18022A1F164000791E1 /* Main.storyboard */; };
		53EC93C422A38DE9002A339E /* NCControlBar.swift in Sources */ = {isa = PBXBuildFile; fileRef = 53EC93C322A38DE9002A339E /* NCControlBar.swift */; };
		53EC93C622A38E18002A339E /* NCGridView.swift in Sources */ = {isa = PBXBuildFile; fileRef = 53EC93C522A38E18002A339E /* NCGridView.swift */; };
		53EC93C822A38E75002A339E /* NCCanvasView.swift in Sources */ = {isa = PBXBuildFile; fileRef = 53EC93C722A38E75002A339E /* NCCanvasView.swift */; };
/* End PBXBuildFile section */

/* Begin PBXFileReference section */
		533AE17722A1F163000791E1 /* Connectors.app */ = {isa = PBXFileReference; explicitFileType = wrapper.application; includeInIndex = 0; path = Connectors.app; sourceTree = BUILT_PRODUCTS_DIR; };
		533AE17A22A1F163000791E1 /* AppDelegate.swift */ = {isa = PBXFileReference; lastKnownFileType = sourcecode.swift; path = AppDelegate.swift; sourceTree = "<group>"; };
		533AE17C22A1F163000791E1 /* ViewController.swift */ = {isa = PBXFileReference; lastKnownFileType = sourcecode.swift; path = ViewController.swift; sourceTree = "<group>"; };
		533AE17E22A1F164000791E1 /* Assets.xcassets */ = {isa = PBXFileReference; lastKnownFileType = folder.assetcatalog; path = Assets.xcassets; sourceTree = "<group>"; };
		533AE18122A1F164000791E1 /* Base */ = {isa = PBXFileReference; lastKnownFileType = file.storyboard; name = Base; path = Base.lproj/Main.storyboard; sourceTree = "<group>"; };
		533AE18322A1F164000791E1 /* Info.plist */ = {isa = PBXFileReference; lastKnownFileType = text.plist.xml; path = Info.plist; sourceTree = "<group>"; };
		533AE18422A1F164000791E1 /* Connectors.entitlements */ = {isa = PBXFileReference; lastKnownFileType = text.plist.entitlements; path = Connectors.entitlements; sourceTree = "<group>"; };
		53EC93C322A38DE9002A339E /* NCControlBar.swift */ = {isa = PBXFileReference; lastKnownFileType = sourcecode.swift; path = NCControlBar.swift; sourceTree = "<group>"; };
		53EC93C522A38E18002A339E /* NCGridView.swift */ = {isa = PBXFileReference; lastKnownFileType = sourcecode.swift; path = NCGridView.swift; sourceTree = "<group>"; };
		53EC93C722A38E75002A339E /* NCCanvasView.swift */ = {isa = PBXFileReference; lastKnownFileType = sourcecode.swift; path = NCCanvasView.swift; sourceTree = "<group>"; };
/* End PBXFileReference section */

/* Begin PBXFrameworksBuildPhase section */
		533AE17422A1F163000791E1 /* Frameworks */ = {
			isa = PBXFrameworksBuildPhase;
			buildActionMask = 2147483647;
			files = (
			);
			runOnlyForDeploymentPostprocessing = 0;
		};
/* End PBXFrameworksBuildPhase section */

/* Begin PBXGroup section */
		533AE16E22A1F163000791E1 = {
			isa = PBXGroup;
			children = (
				533AE17922A1F163000791E1 /* Connectors */,
				533AE17822A1F163000791E1 /* Products */,
			);
			sourceTree = "<group>";
		};
		533AE17822A1F163000791E1 /* Products */ = {
			isa = PBXGroup;
			children = (
				533AE17722A1F163000791E1 /* Connectors.app */,
			);
			name = Products;
			sourceTree = "<group>";
		};
		533AE17922A1F163000791E1 /* Connectors */ = {
			isa = PBXGroup;
			children = (
				533AE17A22A1F163000791E1 /* AppDelegate.swift */,
				533AE17C22A1F163000791E1 /* ViewController.swift */,
				533AE18A22A1F17E000791E1 /* Support */,
				53EC93CA22A3B97F002A339E /* Views */,
			);
			path = Connectors;
			sourceTree = "<group>";
		};
		533AE18A22A1F17E000791E1 /* Support */ = {
			isa = PBXGroup;
			children = (
				533AE17E22A1F164000791E1 /* Assets.xcassets */,
				533AE18022A1F164000791E1 /* Main.storyboard */,
				533AE18322A1F164000791E1 /* Info.plist */,
				533AE18422A1F164000791E1 /* Connectors.entitlements */,
			);
			name = Support;
			sourceTree = "<group>";
		};
		53EC93CA22A3B97F002A339E /* Views */ = {
			isa = PBXGroup;
			children = (
				53EC93C722A38E75002A339E /* NCCanvasView.swift */,
				53EC93C322A38DE9002A339E /* NCControlBar.swift */,
				53EC93C522A38E18002A339E /* NCGridView.swift */,
			);
			path = Views;
			sourceTree = "<group>";
		};
/* End PBXGroup section */

/* Begin PBXNativeTarget section */
		533AE17622A1F163000791E1 /* Connectors */ = {
			isa = PBXNativeTarget;
			buildConfigurationList = 533AE18722A1F164000791E1 /* Build configuration list for PBXNativeTarget "Connectors" */;
			buildPhases = (
				533AE17322A1F163000791E1 /* Sources */,
				533AE17422A1F163000791E1 /* Frameworks */,
				533AE17522A1F163000791E1 /* Resources */,
				53EC93C922A391D5002A339E /* ShellScript */,
			);
			buildRules = (
			);
			dependencies = (
			);
			name = Connectors;
			productName = Connectors;
			productReference = 533AE17722A1F163000791E1 /* Connectors.app */;
			productType = "com.apple.product-type.application";
		};
/* End PBXNativeTarget section */

/* Begin PBXProject section */
		533AE16F22A1F163000791E1 /* Project object */ = {
			isa = PBXProject;
			attributes = {
				LastSwiftUpdateCheck = 1020;
				LastUpgradeCheck = 1020;
				ORGANIZATIONNAME = Zentrope;
				TargetAttributes = {
					533AE17622A1F163000791E1 = {
						CreatedOnToolsVersion = 10.2.1;
					};
				};
			};
			buildConfigurationList = 533AE17222A1F163000791E1 /* Build configuration list for PBXProject "Connectors" */;
			compatibilityVersion = "Xcode 9.3";
			developmentRegion = en;
			hasScannedForEncodings = 0;
			knownRegions = (
				en,
				Base,
			);
			mainGroup = 533AE16E22A1F163000791E1;
			productRefGroup = 533AE17822A1F163000791E1 /* Products */;
			projectDirPath = "";
			projectRoot = "";
			targets = (
				533AE17622A1F163000791E1 /* Connectors */,
			);
		};
/* End PBXProject section */

/* Begin PBXResourcesBuildPhase section */
		533AE17522A1F163000791E1 /* Resources */ = {
			isa = PBXResourcesBuildPhase;
			buildActionMask = 2147483647;
			files = (
				533AE17F22A1F164000791E1 /* Assets.xcassets in Resources */,
				533AE18222A1F164000791E1 /* Main.storyboard in Resources */,
			);
			runOnlyForDeploymentPostprocessing = 0;
		};
/* End PBXResourcesBuildPhase section */

/* Begin PBXShellScriptBuildPhase section */
		53EC93C922A391D5002A339E /* ShellScript */ = {
			isa = PBXShellScriptBuildPhase;
			buildActionMask = 2147483647;
			files = (
			);
			inputFileListPaths = (
			);
			inputPaths = (
			);
			outputFileListPaths = (
			);
			outputPaths = (
			);
			runOnlyForDeploymentPostprocessing = 0;
			shellPath = /bin/sh;
			shellScript = "buildNumber=$(/usr/libexec/PlistBuddy -c \"Print CFBundleVersion\" \"${PROJECT_DIR}/${INFOPLIST_FILE}\")\nbuildNumber=$(($buildNumber + 1))\n/usr/libexec/PlistBuddy -c \"Set :CFBundleVersion $buildNumber\" \"${PROJECT_DIR}/${INFOPLIST_FILE}\"\n";
		};
/* End PBXShellScriptBuildPhase section */

/* Begin PBXSourcesBuildPhase section */
		533AE17322A1F163000791E1 /* Sources */ = {
			isa = PBXSourcesBuildPhase;
			buildActionMask = 2147483647;
			files = (
				533AE17D22A1F163000791E1 /* ViewController.swift in Sources */,
				53EC93C622A38E18002A339E /* NCGridView.swift in Sources */,
				53EC93C422A38DE9002A339E /* NCControlBar.swift in Sources */,
				533AE17B22A1F163000791E1 /* AppDelegate.swift in Sources */,
				53EC93C822A38E75002A339E /* NCCanvasView.swift in Sources */,
			);
			runOnlyForDeploymentPostprocessing = 0;
		};
/* End PBXSourcesBuildPhase section */

/* Begin PBXVariantGroup section */
		533AE18022A1F164000791E1 /* Main.storyboard */ = {
			isa = PBXVariantGroup;
			children = (
				533AE18122A1F164000791E1 /* Base */,
			);
			name = Main.storyboard;
			sourceTree = "<group>";
		};
/* End PBXVariantGroup section */

/* Begin XCBuildConfiguration section */
		533AE18522A1F164000791E1 /* Debug */ = {
			isa = XCBuildConfiguration;
			buildSettings = {
				ALWAYS_SEARCH_USER_PATHS = NO;
				CLANG_ANALYZER_NONNULL = YES;
				CLANG_ANALYZER_NUMBER_OBJECT_CONVERSION = YES_AGGRESSIVE;
				CLANG_CXX_LANGUAGE_STANDARD = "gnu++14";
				CLANG_CXX_LIBRARY = "libc++";
				CLANG_ENABLE_MODULES = YES;
				CLANG_ENABLE_OBJC_ARC = YES;
				CLANG_ENABLE_OBJC_WEAK = YES;
				CLANG_WARN_BLOCK_CAPTURE_AUTORELEASING = YES;
				CLANG_WARN_BOOL_CONVERSION = YES;
				CLANG_WARN_COMMA = YES;
				CLANG_WARN_CONSTANT_CONVERSION = YES;
				CLANG_WARN_DEPRECATED_OBJC_IMPLEMENTATIONS = YES;
				CLANG_WARN_DIRECT_OBJC_ISA_USAGE = YES_ERROR;
				CLANG_WARN_DOCUMENTATION_COMMENTS = YES;
				CLANG_WARN_EMPTY_BODY = YES;
				CLANG_WARN_ENUM_CONVERSION = YES;
				CLANG_WARN_INFINITE_RECURSION = YES;
				CLANG_WARN_INT_CONVERSION = YES;
				CLANG_WARN_NON_LITERAL_NULL_CONVERSION = YES;
				CLANG_WARN_OBJC_IMPLICIT_RETAIN_SELF = YES;
				CLANG_WARN_OBJC_LITERAL_CONVERSION = YES;
				CLANG_WARN_OBJC_ROOT_CLASS = YES_ERROR;
				CLANG_WARN_RANGE_LOOP_ANALYSIS = YES;
				CLANG_WARN_STRICT_PROTOTYPES = YES;
				CLANG_WARN_SUSPICIOUS_MOVE = YES;
				CLANG_WARN_UNGUARDED_AVAILABILITY = YES_AGGRESSIVE;
				CLANG_WARN_UNREACHABLE_CODE = YES;
				CLANG_WARN__DUPLICATE_METHOD_MATCH = YES;
				CODE_SIGN_IDENTITY = "Mac Developer";
				COPY_PHASE_STRIP = NO;
				DEBUG_INFORMATION_FORMAT = dwarf;
				ENABLE_STRICT_OBJC_MSGSEND = YES;
				ENABLE_TESTABILITY = YES;
				GCC_C_LANGUAGE_STANDARD = gnu11;
				GCC_DYNAMIC_NO_PIC = NO;
				GCC_NO_COMMON_BLOCKS = YES;
				GCC_OPTIMIZATION_LEVEL = 0;
				GCC_PREPROCESSOR_DEFINITIONS = (
					"DEBUG=1",
					"$(inherited)",
				);
				GCC_WARN_64_TO_32_BIT_CONVERSION = YES;
				GCC_WARN_ABOUT_RETURN_TYPE = YES_ERROR;
				GCC_WARN_UNDECLARED_SELECTOR = YES;
				GCC_WARN_UNINITIALIZED_AUTOS = YES_AGGRESSIVE;
				GCC_WARN_UNUSED_FUNCTION = YES;
				GCC_WARN_UNUSED_VARIABLE = YES;
				MACOSX_DEPLOYMENT_TARGET = 10.14;
				MTL_ENABLE_DEBUG_INFO = INCLUDE_SOURCE;
				MTL_FAST_MATH = YES;
				ONLY_ACTIVE_ARCH = YES;
				SDKROOT = macosx;
				SWIFT_ACTIVE_COMPILATION_CONDITIONS = DEBUG;
				SWIFT_OPTIMIZATION_LEVEL = "-Onone";
			};
			name = Debug;
		};
		533AE18622A1F164000791E1 /* Release */ = {
			isa = XCBuildConfiguration;
			buildSettings = {
				ALWAYS_SEARCH_USER_PATHS = NO;
				CLANG_ANALYZER_NONNULL = YES;
				CLANG_ANALYZER_NUMBER_OBJECT_CONVERSION = YES_AGGRESSIVE;
				CLANG_CXX_LANGUAGE_STANDARD = "gnu++14";
				CLANG_CXX_LIBRARY = "libc++";
				CLANG_ENABLE_MODULES = YES;
				CLANG_ENABLE_OBJC_ARC = YES;
				CLANG_ENABLE_OBJC_WEAK = YES;
				CLANG_WARN_BLOCK_CAPTURE_AUTORELEASING = YES;
				CLANG_WARN_BOOL_CONVERSION = YES;
				CLANG_WARN_COMMA = YES;
				CLANG_WARN_CONSTANT_CONVERSION = YES;
				CLANG_WARN_DEPRECATED_OBJC_IMPLEMENTATIONS = YES;
				CLANG_WARN_DIRECT_OBJC_ISA_USAGE = YES_ERROR;
				CLANG_WARN_DOCUMENTATION_COMMENTS = YES;
				CLANG_WARN_EMPTY_BODY = YES;
				CLANG_WARN_ENUM_CONVERSION = YES;
				CLANG_WARN_INFINITE_RECURSION = YES;
				CLANG_WARN_INT_CONVERSION = YES;
				CLANG_WARN_NON_LITERAL_NULL_CONVERSION = YES;
				CLANG_WARN_OBJC_IMPLICIT_RETAIN_SELF = YES;
				CLANG_WARN_OBJC_LITERAL_CONVERSION = YES;
				CLANG_WARN_OBJC_ROOT_CLASS = YES_ERROR;
				CLANG_WARN_RANGE_LOOP_ANALYSIS = YES;
				CLANG_WARN_STRICT_PROTOTYPES = YES;
				CLANG_WARN_SUSPICIOUS_MOVE = YES;
				CLANG_WARN_UNGUARDED_AVAILABILITY = YES_AGGRESSIVE;
				CLANG_WARN_UNREACHABLE_CODE = YES;
				CLANG_WARN__DUPLICATE_METHOD_MATCH = YES;
				CODE_SIGN_IDENTITY = "Mac Developer";
				COPY_PHASE_STRIP = NO;
				DEBUG_INFORMATION_FORMAT = "dwarf-with-dsym";
				ENABLE_NS_ASSERTIONS = NO;
				ENABLE_STRICT_OBJC_MSGSEND = YES;
				GCC_C_LANGUAGE_STANDARD = gnu11;
				GCC_NO_COMMON_BLOCKS = YES;
				GCC_WARN_64_TO_32_BIT_CONVERSION = YES;
				GCC_WARN_ABOUT_RETURN_TYPE = YES_ERROR;
				GCC_WARN_UNDECLARED_SELECTOR = YES;
				GCC_WARN_UNINITIALIZED_AUTOS = YES_AGGRESSIVE;
				GCC_WARN_UNUSED_FUNCTION = YES;
				GCC_WARN_UNUSED_VARIABLE = YES;
				MACOSX_DEPLOYMENT_TARGET = 10.14;
				MTL_ENABLE_DEBUG_INFO = NO;
				MTL_FAST_MATH = YES;
				SDKROOT = macosx;
				SWIFT_COMPILATION_MODE = wholemodule;
				SWIFT_OPTIMIZATION_LEVEL = "-O";
			};
			name = Release;
		};
		533AE18822A1F164000791E1 /* Debug */ = {
			isa = XCBuildConfiguration;
			buildSettings = {
				ASSETCATALOG_COMPILER_APPICON_NAME = AppIcon;
				CODE_SIGN_ENTITLEMENTS = Connectors/Connectors.entitlements;
				CODE_SIGN_STYLE = Automatic;
				COMBINE_HIDPI_IMAGES = YES;
				DEVELOPMENT_TEAM = 5Y5389EUC6;
				INFOPLIST_FILE = Connectors/Info.plist;
				LD_RUNPATH_SEARCH_PATHS = (
					"$(inherited)",
					"@executable_path/../Frameworks",
				);
				PRODUCT_BUNDLE_IDENTIFIER = com.zentrope.Connectors;
				PRODUCT_NAME = "$(TARGET_NAME)";
				SWIFT_VERSION = 5.0;
			};
			name = Debug;
		};
		533AE18922A1F164000791E1 /* Release */ = {
			isa = XCBuildConfiguration;
			buildSettings = {
				ASSETCATALOG_COMPILER_APPICON_NAME = AppIcon;
				CODE_SIGN_ENTITLEMENTS = Connectors/Connectors.entitlements;
				CODE_SIGN_STYLE = Automatic;
				COMBINE_HIDPI_IMAGES = YES;
				DEVELOPMENT_TEAM = 5Y5389EUC6;
				INFOPLIST_FILE = Connectors/Info.plist;
				LD_RUNPATH_SEARCH_PATHS = (
					"$(inherited)",
					"@executable_path/../Frameworks",
				);
				PRODUCT_BUNDLE_IDENTIFIER = com.zentrope.Connectors;
				PRODUCT_NAME = "$(TARGET_NAME)";
				SWIFT_VERSION = 5.0;
			};
			name = Release;
		};
/* End XCBuildConfiguration section */

/* Begin XCConfigurationList section */
		533AE17222A1F163000791E1 /* Build configuration list for PBXProject "Connectors" */ = {
			isa = XCConfigurationList;
			buildConfigurations = (
				533AE18522A1F164000791E1 /* Debug */,
				533AE18622A1F164000791E1 /* Release */,
			);
			defaultConfigurationIsVisible = 0;
			defaultConfigurationName = Release;
		};
		533AE18722A1F164000791E1 /* Build configuration list for PBXNativeTarget "Connectors" */ = {
			isa = XCConfigurationList;
			buildConfigurations = (
				533AE18822A1F164000791E1 /* Debug */,
				533AE18922A1F164000791E1 /* Release */,
			);
			defaultConfigurationIsVisible = 0;
			defaultConfigurationName = Release;
		};
/* End XCConfigurationList section */
	};
	rootObject = 533AE16F22A1F163000791E1 /* Project object */;
}
